// !$*UTF8*$!
{
	archiveVersion = 1;
	classes = {
	};
	objectVersion = 56;
	objects = {

/* Begin PBXBuildFile section */
		C63250142B0CD6E4003EF93F /* LoginViewModel.swift in Sources */ = {isa = PBXBuildFile; fileRef = C63250132B0CD6E4003EF93F /* LoginViewModel.swift */; };
		C632501E2B0CEE38003EF93F /* NimbleTests.swift in Sources */ = {isa = PBXBuildFile; fileRef = C632501D2B0CEE38003EF93F /* NimbleTests.swift */; };
		C63250282B0D2B72003EF93F /* LoginViewModelTests.swift in Sources */ = {isa = PBXBuildFile; fileRef = C63250272B0D2B72003EF93F /* LoginViewModelTests.swift */; };
		C6AFEC932AF68C95001AE3C6 /* TokenUtils.swift in Sources */ = {isa = PBXBuildFile; fileRef = C6AFEC922AF68C95001AE3C6 /* TokenUtils.swift */; };
		C6AFEC952AF68EC7001AE3C6 /* SurveysListView.swift in Sources */ = {isa = PBXBuildFile; fileRef = C6AFEC942AF68EC7001AE3C6 /* SurveysListView.swift */; };
		C6AFEC972AF6C217001AE3C6 /* Constants.swift in Sources */ = {isa = PBXBuildFile; fileRef = C6AFEC962AF6C217001AE3C6 /* Constants.swift */; };
		C6AFEC992AF6CB22001AE3C6 /* ForgotPasswordView.swift in Sources */ = {isa = PBXBuildFile; fileRef = C6AFEC982AF6CB22001AE3C6 /* ForgotPasswordView.swift */; };
		C6AFEC9B2AF6E587001AE3C6 /* SurveysListViewModel.swift in Sources */ = {isa = PBXBuildFile; fileRef = C6AFEC9A2AF6E587001AE3C6 /* SurveysListViewModel.swift */; };
		C6AFEC9D2AF6E607001AE3C6 /* Survey.swift in Sources */ = {isa = PBXBuildFile; fileRef = C6AFEC9C2AF6E607001AE3C6 /* Survey.swift */; };
		C6AFEC9F2AF6E643001AE3C6 /* SurveyDetailScreen.swift in Sources */ = {isa = PBXBuildFile; fileRef = C6AFEC9E2AF6E643001AE3C6 /* SurveyDetailScreen.swift */; };
		C6F640D42AF53B3000EB3CFB /* NimbleApp.swift in Sources */ = {isa = PBXBuildFile; fileRef = C6F640D32AF53B3000EB3CFB /* NimbleApp.swift */; };
		C6F640D62AF53B3000EB3CFB /* LoginView.swift in Sources */ = {isa = PBXBuildFile; fileRef = C6F640D52AF53B3000EB3CFB /* LoginView.swift */; };
		C6F640D82AF53B3500EB3CFB /* Assets.xcassets in Resources */ = {isa = PBXBuildFile; fileRef = C6F640D72AF53B3500EB3CFB /* Assets.xcassets */; };
		C6F640DB2AF53B3500EB3CFB /* Preview Assets.xcassets in Resources */ = {isa = PBXBuildFile; fileRef = C6F640DA2AF53B3500EB3CFB /* Preview Assets.xcassets */; };
		C6F640E42AF5C9C900EB3CFB /* TokenResp.swift in Sources */ = {isa = PBXBuildFile; fileRef = C6F640E32AF5C9C900EB3CFB /* TokenResp.swift */; };
/* End PBXBuildFile section */

/* Begin PBXContainerItemProxy section */
		C632501F2B0CEE38003EF93F /* PBXContainerItemProxy */ = {
			isa = PBXContainerItemProxy;
			containerPortal = C6F640C82AF53B3000EB3CFB /* Project object */;
			proxyType = 1;
			remoteGlobalIDString = C6F640CF2AF53B3000EB3CFB;
			remoteInfo = Nimble;
		};
/* End PBXContainerItemProxy section */

/* Begin PBXFileReference section */
		C63250132B0CD6E4003EF93F /* LoginViewModel.swift */ = {isa = PBXFileReference; lastKnownFileType = sourcecode.swift; path = LoginViewModel.swift; sourceTree = "<group>"; };
		C632501B2B0CEE38003EF93F /* NimbleTests.xctest */ = {isa = PBXFileReference; explicitFileType = wrapper.cfbundle; includeInIndex = 0; path = NimbleTests.xctest; sourceTree = BUILT_PRODUCTS_DIR; };
		C632501D2B0CEE38003EF93F /* NimbleTests.swift */ = {isa = PBXFileReference; lastKnownFileType = sourcecode.swift; path = NimbleTests.swift; sourceTree = "<group>"; };
		C63250272B0D2B72003EF93F /* LoginViewModelTests.swift */ = {isa = PBXFileReference; lastKnownFileType = sourcecode.swift; path = LoginViewModelTests.swift; sourceTree = "<group>"; };
		C6AFEC922AF68C95001AE3C6 /* TokenUtils.swift */ = {isa = PBXFileReference; lastKnownFileType = sourcecode.swift; path = TokenUtils.swift; sourceTree = "<group>"; };
		C6AFEC942AF68EC7001AE3C6 /* SurveysListView.swift */ = {isa = PBXFileReference; lastKnownFileType = sourcecode.swift; path = SurveysListView.swift; sourceTree = "<group>"; };
		C6AFEC962AF6C217001AE3C6 /* Constants.swift */ = {isa = PBXFileReference; lastKnownFileType = sourcecode.swift; path = Constants.swift; sourceTree = "<group>"; };
		C6AFEC982AF6CB22001AE3C6 /* ForgotPasswordView.swift */ = {isa = PBXFileReference; lastKnownFileType = sourcecode.swift; path = ForgotPasswordView.swift; sourceTree = "<group>"; };
		C6AFEC9A2AF6E587001AE3C6 /* SurveysListViewModel.swift */ = {isa = PBXFileReference; lastKnownFileType = sourcecode.swift; path = SurveysListViewModel.swift; sourceTree = "<group>"; };
		C6AFEC9C2AF6E607001AE3C6 /* Survey.swift */ = {isa = PBXFileReference; lastKnownFileType = sourcecode.swift; path = Survey.swift; sourceTree = "<group>"; };
		C6AFEC9E2AF6E643001AE3C6 /* SurveyDetailScreen.swift */ = {isa = PBXFileReference; lastKnownFileType = sourcecode.swift; path = SurveyDetailScreen.swift; sourceTree = "<group>"; };
		C6F640D02AF53B3000EB3CFB /* Nimble.app */ = {isa = PBXFileReference; explicitFileType = wrapper.application; includeInIndex = 0; path = Nimble.app; sourceTree = BUILT_PRODUCTS_DIR; };
		C6F640D32AF53B3000EB3CFB /* NimbleApp.swift */ = {isa = PBXFileReference; lastKnownFileType = sourcecode.swift; path = NimbleApp.swift; sourceTree = "<group>"; };
		C6F640D52AF53B3000EB3CFB /* LoginView.swift */ = {isa = PBXFileReference; lastKnownFileType = sourcecode.swift; path = LoginView.swift; sourceTree = "<group>"; };
		C6F640D72AF53B3500EB3CFB /* Assets.xcassets */ = {isa = PBXFileReference; lastKnownFileType = folder.assetcatalog; path = Assets.xcassets; sourceTree = "<group>"; };
		C6F640DA2AF53B3500EB3CFB /* Preview Assets.xcassets */ = {isa = PBXFileReference; lastKnownFileType = folder.assetcatalog; path = "Preview Assets.xcassets"; sourceTree = "<group>"; };
		C6F640E32AF5C9C900EB3CFB /* TokenResp.swift */ = {isa = PBXFileReference; lastKnownFileType = sourcecode.swift; path = TokenResp.swift; sourceTree = "<group>"; };
/* End PBXFileReference section */

/* Begin PBXFrameworksBuildPhase section */
		C63250182B0CEE38003EF93F /* Frameworks */ = {
			isa = PBXFrameworksBuildPhase;
			buildActionMask = 2147483647;
			files = (
			);
			runOnlyForDeploymentPostprocessing = 0;
		};
		C6F640CD2AF53B3000EB3CFB /* Frameworks */ = {
			isa = PBXFrameworksBuildPhase;
			buildActionMask = 2147483647;
			files = (
			);
			runOnlyForDeploymentPostprocessing = 0;
		};
/* End PBXFrameworksBuildPhase section */

/* Begin PBXGroup section */
		C632501C2B0CEE38003EF93F /* NimbleTests */ = {
			isa = PBXGroup;
			children = (
				C632501D2B0CEE38003EF93F /* NimbleTests.swift */,
				C63250272B0D2B72003EF93F /* LoginViewModelTests.swift */,
			);
			path = NimbleTests;
			sourceTree = "<group>";
		};
		C6F640C72AF53B3000EB3CFB = {
			isa = PBXGroup;
			children = (
				C6F640D22AF53B3000EB3CFB /* Nimble */,
				C632501C2B0CEE38003EF93F /* NimbleTests */,
				C6F640D12AF53B3000EB3CFB /* Products */,
			);
			sourceTree = "<group>";
		};
		C6F640D12AF53B3000EB3CFB /* Products */ = {
			isa = PBXGroup;
			children = (
				C6F640D02AF53B3000EB3CFB /* Nimble.app */,
				C632501B2B0CEE38003EF93F /* NimbleTests.xctest */,
			);
			name = Products;
			sourceTree = "<group>";
		};
		C6F640D22AF53B3000EB3CFB /* Nimble */ = {
			isa = PBXGroup;
			children = (
				C6F640D32AF53B3000EB3CFB /* NimbleApp.swift */,
				C6F640D52AF53B3000EB3CFB /* LoginView.swift */,
				C63250132B0CD6E4003EF93F /* LoginViewModel.swift */,
				C6AFEC942AF68EC7001AE3C6 /* SurveysListView.swift */,
				C6AFEC9E2AF6E643001AE3C6 /* SurveyDetailScreen.swift */,
				C6AFEC9A2AF6E587001AE3C6 /* SurveysListViewModel.swift */,
				C6AFEC982AF6CB22001AE3C6 /* ForgotPasswordView.swift */,
				C6F640E32AF5C9C900EB3CFB /* TokenResp.swift */,
				C6AFEC922AF68C95001AE3C6 /* TokenUtils.swift */,
				C6AFEC962AF6C217001AE3C6 /* Constants.swift */,
				C6AFEC9C2AF6E607001AE3C6 /* Survey.swift */,
				C6F640D72AF53B3500EB3CFB /* Assets.xcassets */,
				C6F640D92AF53B3500EB3CFB /* Preview Content */,
			);
			path = Nimble;
			sourceTree = "<group>";
		};
		C6F640D92AF53B3500EB3CFB /* Preview Content */ = {
			isa = PBXGroup;
			children = (
				C6F640DA2AF53B3500EB3CFB /* Preview Assets.xcassets */,
			);
			path = "Preview Content";
			sourceTree = "<group>";
		};
/* End PBXGroup section */

/* Begin PBXNativeTarget section */
		C632501A2B0CEE38003EF93F /* NimbleTests */ = {
			isa = PBXNativeTarget;
			buildConfigurationList = C63250212B0CEE39003EF93F /* Build configuration list for PBXNativeTarget "NimbleTests" */;
			buildPhases = (
				C63250172B0CEE38003EF93F /* Sources */,
				C63250182B0CEE38003EF93F /* Frameworks */,
				C63250192B0CEE38003EF93F /* Resources */,
			);
			buildRules = (
			);
			dependencies = (
				C63250202B0CEE38003EF93F /* PBXTargetDependency */,
			);
			name = NimbleTests;
			productName = NimbleTests;
			productReference = C632501B2B0CEE38003EF93F /* NimbleTests.xctest */;
			productType = "com.apple.product-type.bundle.unit-test";
		};
		C6F640CF2AF53B3000EB3CFB /* Nimble */ = {
			isa = PBXNativeTarget;
			buildConfigurationList = C6F640DE2AF53B3500EB3CFB /* Build configuration list for PBXNativeTarget "Nimble" */;
			buildPhases = (
				C6F640CC2AF53B3000EB3CFB /* Sources */,
				C6F640CD2AF53B3000EB3CFB /* Frameworks */,
				C6F640CE2AF53B3000EB3CFB /* Resources */,
			);
			buildRules = (
			);
			dependencies = (
			);
			name = Nimble;
			productName = Nimble;
			productReference = C6F640D02AF53B3000EB3CFB /* Nimble.app */;
			productType = "com.apple.product-type.application";
		};
/* End PBXNativeTarget section */

/* Begin PBXProject section */
		C6F640C82AF53B3000EB3CFB /* Project object */ = {
			isa = PBXProject;
			attributes = {
				BuildIndependentTargetsInParallel = 1;
				LastSwiftUpdateCheck = 1500;
				LastUpgradeCheck = 1500;
				TargetAttributes = {
					C632501A2B0CEE38003EF93F = {
						CreatedOnToolsVersion = 15.0.1;
						TestTargetID = C6F640CF2AF53B3000EB3CFB;
					};
					C6F640CF2AF53B3000EB3CFB = {
						CreatedOnToolsVersion = 15.0.1;
					};
				};
			};
			buildConfigurationList = C6F640CB2AF53B3000EB3CFB /* Build configuration list for PBXProject "Nimble" */;
			compatibilityVersion = "Xcode 14.0";
			developmentRegion = en;
			hasScannedForEncodings = 0;
			knownRegions = (
				en,
				Base,
			);
			mainGroup = C6F640C72AF53B3000EB3CFB;
			productRefGroup = C6F640D12AF53B3000EB3CFB /* Products */;
			projectDirPath = "";
			projectRoot = "";
			targets = (
				C6F640CF2AF53B3000EB3CFB /* Nimble */,
				C632501A2B0CEE38003EF93F /* NimbleTests */,
			);
		};
/* End PBXProject section */

/* Begin PBXResourcesBuildPhase section */
		C63250192B0CEE38003EF93F /* Resources */ = {
			isa = PBXResourcesBuildPhase;
			buildActionMask = 2147483647;
			files = (
			);
			runOnlyForDeploymentPostprocessing = 0;
		};
		C6F640CE2AF53B3000EB3CFB /* Resources */ = {
			isa = PBXResourcesBuildPhase;
			buildActionMask = 2147483647;
			files = (
				C6F640DB2AF53B3500EB3CFB /* Preview Assets.xcassets in Resources */,
				C6F640D82AF53B3500EB3CFB /* Assets.xcassets in Resources */,
			);
			runOnlyForDeploymentPostprocessing = 0;
		};
/* End PBXResourcesBuildPhase section */

/* Begin PBXSourcesBuildPhase section */
		C63250172B0CEE38003EF93F /* Sources */ = {
			isa = PBXSourcesBuildPhase;
			buildActionMask = 2147483647;
			files = (
				C63250282B0D2B72003EF93F /* LoginViewModelTests.swift in Sources */,
				C632501E2B0CEE38003EF93F /* NimbleTests.swift in Sources */,
			);
			runOnlyForDeploymentPostprocessing = 0;
		};
		C6F640CC2AF53B3000EB3CFB /* Sources */ = {
			isa = PBXSourcesBuildPhase;
			buildActionMask = 2147483647;
			files = (
				C63250142B0CD6E4003EF93F /* LoginViewModel.swift in Sources */,
				C6AFEC9D2AF6E607001AE3C6 /* Survey.swift in Sources */,
				C6AFEC932AF68C95001AE3C6 /* TokenUtils.swift in Sources */,
				C6AFEC992AF6CB22001AE3C6 /* ForgotPasswordView.swift in Sources */,
				C6F640D62AF53B3000EB3CFB /* LoginView.swift in Sources */,
				C6F640E42AF5C9C900EB3CFB /* TokenResp.swift in Sources */,
				C6AFEC9F2AF6E643001AE3C6 /* SurveyDetailScreen.swift in Sources */,
				C6F640D42AF53B3000EB3CFB /* NimbleApp.swift in Sources */,
				C6AFEC972AF6C217001AE3C6 /* Constants.swift in Sources */,
				C6AFEC9B2AF6E587001AE3C6 /* SurveysListViewModel.swift in Sources */,
				C6AFEC952AF68EC7001AE3C6 /* SurveysListView.swift in Sources */,
			);
			runOnlyForDeploymentPostprocessing = 0;
		};
/* End PBXSourcesBuildPhase section */

/* Begin PBXTargetDependency section */
		C63250202B0CEE38003EF93F /* PBXTargetDependency */ = {
			isa = PBXTargetDependency;
			target = C6F640CF2AF53B3000EB3CFB /* Nimble */;
			targetProxy = C632501F2B0CEE38003EF93F /* PBXContainerItemProxy */;
		};
/* End PBXTargetDependency section */

/* Begin XCBuildConfiguration section */
		C63250222B0CEE39003EF93F /* Debug */ = {
			isa = XCBuildConfiguration;
			buildSettings = {
				BUNDLE_LOADER = "$(TEST_HOST)";
				CODE_SIGN_STYLE = Automatic;
				CURRENT_PROJECT_VERSION = 1;
				DEVELOPMENT_TEAM = T2Q4YR3P44;
				GENERATE_INFOPLIST_FILE = YES;
				MARKETING_VERSION = 1.0;
				PRODUCT_BUNDLE_IDENTIFIER = mx.datafox.NimbleTests;
				PRODUCT_NAME = "$(TARGET_NAME)";
				SWIFT_EMIT_LOC_STRINGS = NO;
				SWIFT_VERSION = 5.0;
				TARGETED_DEVICE_FAMILY = "1,2";
				TEST_HOST = "$(BUILT_PRODUCTS_DIR)/Nimble.app/$(BUNDLE_EXECUTABLE_FOLDER_PATH)/Nimble";
			};
			name = Debug;
		};
		C63250232B0CEE39003EF93F /* Release */ = {
			isa = XCBuildConfiguration;
			buildSettings = {
				BUNDLE_LOADER = "$(TEST_HOST)";
				CODE_SIGN_STYLE = Automatic;
				CURRENT_PROJECT_VERSION = 1;
				DEVELOPMENT_TEAM = T2Q4YR3P44;
				GENERATE_INFOPLIST_FILE = YES;
				MARKETING_VERSION = 1.0;
				PRODUCT_BUNDLE_IDENTIFIER = mx.datafox.NimbleTests;
				PRODUCT_NAME = "$(TARGET_NAME)";
				SWIFT_EMIT_LOC_STRINGS = NO;
				SWIFT_VERSION = 5.0;
				TARGETED_DEVICE_FAMILY = "1,2";
				TEST_HOST = "$(BUILT_PRODUCTS_DIR)/Nimble.app/$(BUNDLE_EXECUTABLE_FOLDER_PATH)/Nimble";
			};
			name = Release;
		};
		C6F640DC2AF53B3500EB3CFB /* Debug */ = {
			isa = XCBuildConfiguration;
			buildSettings = {
				ALWAYS_SEARCH_USER_PATHS = NO;
				ASSETCATALOG_COMPILER_GENERATE_SWIFT_ASSET_SYMBOL_EXTENSIONS = YES;
				CLANG_ANALYZER_NONNULL = YES;
				CLANG_ANALYZER_NUMBER_OBJECT_CONVERSION = YES_AGGRESSIVE;
				CLANG_CXX_LANGUAGE_STANDARD = "gnu++20";
				CLANG_ENABLE_MODULES = YES;
				CLANG_ENABLE_OBJC_ARC = YES;
				CLANG_ENABLE_OBJC_WEAK = YES;
				CLANG_WARN_BLOCK_CAPTURE_AUTORELEASING = YES;
				CLANG_WARN_BOOL_CONVERSION = YES;
				CLANG_WARN_COMMA = YES;
				CLANG_WARN_CONSTANT_CONVERSION = YES;
				CLANG_WARN_DEPRECATED_OBJC_IMPLEMENTATIONS = YES;
				CLANG_WARN_DIRECT_OBJC_ISA_USAGE = YES_ERROR;
				CLANG_WARN_DOCUMENTATION_COMMENTS = YES;
				CLANG_WARN_EMPTY_BODY = YES;
				CLANG_WARN_ENUM_CONVERSION = YES;
				CLANG_WARN_INFINITE_RECURSION = YES;
				CLANG_WARN_INT_CONVERSION = YES;
				CLANG_WARN_NON_LITERAL_NULL_CONVERSION = YES;
				CLANG_WARN_OBJC_IMPLICIT_RETAIN_SELF = YES;
				CLANG_WARN_OBJC_LITERAL_CONVERSION = YES;
				CLANG_WARN_OBJC_ROOT_CLASS = YES_ERROR;
				CLANG_WARN_QUOTED_INCLUDE_IN_FRAMEWORK_HEADER = YES;
				CLANG_WARN_RANGE_LOOP_ANALYSIS = YES;
				CLANG_WARN_STRICT_PROTOTYPES = YES;
				CLANG_WARN_SUSPICIOUS_MOVE = YES;
				CLANG_WARN_UNGUARDED_AVAILABILITY = YES_AGGRESSIVE;
				CLANG_WARN_UNREACHABLE_CODE = YES;
				CLANG_WARN__DUPLICATE_METHOD_MATCH = YES;
				COPY_PHASE_STRIP = NO;
				DEBUG_INFORMATION_FORMAT = dwarf;
				ENABLE_STRICT_OBJC_MSGSEND = YES;
				ENABLE_TESTABILITY = YES;
				ENABLE_USER_SCRIPT_SANDBOXING = YES;
				GCC_C_LANGUAGE_STANDARD = gnu17;
				GCC_DYNAMIC_NO_PIC = NO;
				GCC_NO_COMMON_BLOCKS = YES;
				GCC_OPTIMIZATION_LEVEL = 0;
				GCC_PREPROCESSOR_DEFINITIONS = (
					"DEBUG=1",
					"$(inherited)",
				);
				GCC_WARN_64_TO_32_BIT_CONVERSION = YES;
				GCC_WARN_ABOUT_RETURN_TYPE = YES_ERROR;
				GCC_WARN_UNDECLARED_SELECTOR = YES;
				GCC_WARN_UNINITIALIZED_AUTOS = YES_AGGRESSIVE;
				GCC_WARN_UNUSED_FUNCTION = YES;
				GCC_WARN_UNUSED_VARIABLE = YES;
				IPHONEOS_DEPLOYMENT_TARGET = 17.0;
				LOCALIZATION_PREFERS_STRING_CATALOGS = YES;
				MTL_ENABLE_DEBUG_INFO = INCLUDE_SOURCE;
				MTL_FAST_MATH = YES;
				ONLY_ACTIVE_ARCH = YES;
				SDKROOT = iphoneos;
				SWIFT_ACTIVE_COMPILATION_CONDITIONS = "DEBUG $(inherited)";
				SWIFT_OPTIMIZATION_LEVEL = "-Onone";
			};
			name = Debug;
		};
		C6F640DD2AF53B3500EB3CFB /* Release */ = {
			isa = XCBuildConfiguration;
			buildSettings = {
				ALWAYS_SEARCH_USER_PATHS = NO;
				ASSETCATALOG_COMPILER_GENERATE_SWIFT_ASSET_SYMBOL_EXTENSIONS = YES;
				CLANG_ANALYZER_NONNULL = YES;
				CLANG_ANALYZER_NUMBER_OBJECT_CONVERSION = YES_AGGRESSIVE;
				CLANG_CXX_LANGUAGE_STANDARD = "gnu++20";
				CLANG_ENABLE_MODULES = YES;
				CLANG_ENABLE_OBJC_ARC = YES;
				CLANG_ENABLE_OBJC_WEAK = YES;
				CLANG_WARN_BLOCK_CAPTURE_AUTORELEASING = YES;
				CLANG_WARN_BOOL_CONVERSION = YES;
				CLANG_WARN_COMMA = YES;
				CLANG_WARN_CONSTANT_CONVERSION = YES;
				CLANG_WARN_DEPRECATED_OBJC_IMPLEMENTATIONS = YES;
				CLANG_WARN_DIRECT_OBJC_ISA_USAGE = YES_ERROR;
				CLANG_WARN_DOCUMENTATION_COMMENTS = YES;
				CLANG_WARN_EMPTY_BODY = YES;
				CLANG_WARN_ENUM_CONVERSION = YES;
				CLANG_WARN_INFINITE_RECURSION = YES;
				CLANG_WARN_INT_CONVERSION = YES;
				CLANG_WARN_NON_LITERAL_NULL_CONVERSION = YES;
				CLANG_WARN_OBJC_IMPLICIT_RETAIN_SELF = YES;
				CLANG_WARN_OBJC_LITERAL_CONVERSION = YES;
				CLANG_WARN_OBJC_ROOT_CLASS = YES_ERROR;
				CLANG_WARN_QUOTED_INCLUDE_IN_FRAMEWORK_HEADER = YES;
				CLANG_WARN_RANGE_LOOP_ANALYSIS = YES;
				CLANG_WARN_STRICT_PROTOTYPES = YES;
				CLANG_WARN_SUSPICIOUS_MOVE = YES;
				CLANG_WARN_UNGUARDED_AVAILABILITY = YES_AGGRESSIVE;
				CLANG_WARN_UNREACHABLE_CODE = YES;
				CLANG_WARN__DUPLICATE_METHOD_MATCH = YES;
				COPY_PHASE_STRIP = NO;
				DEBUG_INFORMATION_FORMAT = "dwarf-with-dsym";
				ENABLE_NS_ASSERTIONS = NO;
				ENABLE_STRICT_OBJC_MSGSEND = YES;
				ENABLE_USER_SCRIPT_SANDBOXING = YES;
				GCC_C_LANGUAGE_STANDARD = gnu17;
				GCC_NO_COMMON_BLOCKS = YES;
				GCC_WARN_64_TO_32_BIT_CONVERSION = YES;
				GCC_WARN_ABOUT_RETURN_TYPE = YES_ERROR;
				GCC_WARN_UNDECLARED_SELECTOR = YES;
				GCC_WARN_UNINITIALIZED_AUTOS = YES_AGGRESSIVE;
				GCC_WARN_UNUSED_FUNCTION = YES;
				GCC_WARN_UNUSED_VARIABLE = YES;
				IPHONEOS_DEPLOYMENT_TARGET = 17.0;
				LOCALIZATION_PREFERS_STRING_CATALOGS = YES;
				MTL_ENABLE_DEBUG_INFO = NO;
				MTL_FAST_MATH = YES;
				SDKROOT = iphoneos;
				SWIFT_COMPILATION_MODE = wholemodule;
				VALIDATE_PRODUCT = YES;
			};
			name = Release;
		};
		C6F640DF2AF53B3500EB3CFB /* Debug */ = {
			isa = XCBuildConfiguration;
			buildSettings = {
				ASSETCATALOG_COMPILER_APPICON_NAME = AppIcon;
				ASSETCATALOG_COMPILER_GLOBAL_ACCENT_COLOR_NAME = AccentColor;
				CODE_SIGN_STYLE = Automatic;
				CURRENT_PROJECT_VERSION = 1;
				DEVELOPMENT_ASSET_PATHS = "\"Nimble/Preview Content\"";
				DEVELOPMENT_TEAM = T2Q4YR3P44;
				ENABLE_PREVIEWS = YES;
				GENERATE_INFOPLIST_FILE = YES;
				INFOPLIST_KEY_UIApplicationSceneManifest_Generation = YES;
				INFOPLIST_KEY_UIApplicationSupportsIndirectInputEvents = YES;
				INFOPLIST_KEY_UILaunchScreen_Generation = YES;
				INFOPLIST_KEY_UISupportedInterfaceOrientations_iPad = "UIInterfaceOrientationPortrait UIInterfaceOrientationPortraitUpsideDown UIInterfaceOrientationLandscapeLeft UIInterfaceOrientationLandscapeRight";
				INFOPLIST_KEY_UISupportedInterfaceOrientations_iPhone = "UIInterfaceOrientationPortrait UIInterfaceOrientationLandscapeLeft UIInterfaceOrientationLandscapeRight";
				IPHONEOS_DEPLOYMENT_TARGET = 15.0;
				LD_RUNPATH_SEARCH_PATHS = (
					"$(inherited)",
					"@executable_path/Frameworks",
				);
				MARKETING_VERSION = 1.0;
				PRODUCT_BUNDLE_IDENTIFIER = mx.datafox.Nimble;
				PRODUCT_NAME = "$(TARGET_NAME)";
				SWIFT_EMIT_LOC_STRINGS = YES;
				SWIFT_VERSION = 5.0;
				TARGETED_DEVICE_FAMILY = "1,2";
			};
			name = Debug;
		};
		C6F640E02AF53B3500EB3CFB /* Release */ = {
			isa = XCBuildConfiguration;
			buildSettings = {
				ASSETCATALOG_COMPILER_APPICON_NAME = AppIcon;
				ASSETCATALOG_COMPILER_GLOBAL_ACCENT_COLOR_NAME = AccentColor;
				CODE_SIGN_STYLE = Automatic;
				CURRENT_PROJECT_VERSION = 1;
				DEVELOPMENT_ASSET_PATHS = "\"Nimble/Preview Content\"";
				DEVELOPMENT_TEAM = T2Q4YR3P44;
				ENABLE_PREVIEWS = YES;
				GENERATE_INFOPLIST_FILE = YES;
				INFOPLIST_KEY_UIApplicationSceneManifest_Generation = YES;
				INFOPLIST_KEY_UIApplicationSupportsIndirectInputEvents = YES;
				INFOPLIST_KEY_UILaunchScreen_Generation = YES;
				INFOPLIST_KEY_UISupportedInterfaceOrientations_iPad = "UIInterfaceOrientationPortrait UIInterfaceOrientationPortraitUpsideDown UIInterfaceOrientationLandscapeLeft UIInterfaceOrientationLandscapeRight";
				INFOPLIST_KEY_UISupportedInterfaceOrientations_iPhone = "UIInterfaceOrientationPortrait UIInterfaceOrientationLandscapeLeft UIInterfaceOrientationLandscapeRight";
				IPHONEOS_DEPLOYMENT_TARGET = 15.0;
				LD_RUNPATH_SEARCH_PATHS = (
					"$(inherited)",
					"@executable_path/Frameworks",
				);
				MARKETING_VERSION = 1.0;
				PRODUCT_BUNDLE_IDENTIFIER = mx.datafox.Nimble;
				PRODUCT_NAME = "$(TARGET_NAME)";
				SWIFT_EMIT_LOC_STRINGS = YES;
				SWIFT_VERSION = 5.0;
				TARGETED_DEVICE_FAMILY = "1,2";
			};
			name = Release;
		};
/* End XCBuildConfiguration section */

/* Begin XCConfigurationList section */
		C63250212B0CEE39003EF93F /* Build configuration list for PBXNativeTarget "NimbleTests" */ = {
			isa = XCConfigurationList;
			buildConfigurations = (
				C63250222B0CEE39003EF93F /* Debug */,
				C63250232B0CEE39003EF93F /* Release */,
			);
			defaultConfigurationIsVisible = 0;
			defaultConfigurationName = Release;
		};
		C6F640CB2AF53B3000EB3CFB /* Build configuration list for PBXProject "Nimble" */ = {
			isa = XCConfigurationList;
			buildConfigurations = (
				C6F640DC2AF53B3500EB3CFB /* Debug */,
				C6F640DD2AF53B3500EB3CFB /* Release */,
			);
			defaultConfigurationIsVisible = 0;
			defaultConfigurationName = Release;
		};
		C6F640DE2AF53B3500EB3CFB /* Build configuration list for PBXNativeTarget "Nimble" */ = {
			isa = XCConfigurationList;
			buildConfigurations = (
				C6F640DF2AF53B3500EB3CFB /* Debug */,
				C6F640E02AF53B3500EB3CFB /* Release */,
			);
			defaultConfigurationIsVisible = 0;
			defaultConfigurationName = Release;
		};
/* End XCConfigurationList section */
	};
	rootObject = C6F640C82AF53B3000EB3CFB /* Project object */;
}
